
Microsoft Visual Studio Solution File, Format Version 12.00
# Visual Studio Version 17
VisualStudioVersion = 17.4.33122.133
MinimumVisualStudioVersion = 10.0.40219.1
Project("{8BC9CEB8-8B4A-11D0-8D11-00A0C91BC942}") = "G23W04File", "G23W04File\G23W04File.vcxproj", "{1569B3C6-E089-4382-8BD0-67FC4CF201AC}"
EndProject
Global
	GlobalSection(SolutionConfigurationPlatforms) = preSolution
		Debug|x64 = Debug|x64
		Debug|x86 = Debug|x86
		Release|x64 = Release|x64
		Release|x86 = Release|x86
	EndGlobalSection
	GlobalSection(ProjectConfigurationPlatforms) = postSolution
		{1569B3C6-E089-4382-8BD0-67FC4CF201AC}.Debug|x64.ActiveCfg = Debug|x64
		{1569B3C6-E089-4382-8BD0-67FC4CF201AC}.Debug|x64.Build.0 = Debug|x64
		{1569B3C6-E089-4382-8BD0-67FC4CF201AC}.Debug|x86.ActiveCfg = Debug|Win32
		{1569B3C6-E089-4382-8BD0-67FC4CF201AC}.Debug|x86.Build.0 = Debug|Win32
		{1569B3C6-E089-4382-8BD0-67FC4CF201AC}.Release|x64.ActiveCfg = Release|x64
		{1569B3C6-E089-4382-8BD0-67FC4CF201AC}.Release|x64.Build.0 = Release|x64
		{1569B3C6-E089-4382-8BD0-67FC4CF201AC}.Release|x86.ActiveCfg = Release|Win32
		{1569B3C6-E089-4382-8BD0-67FC4CF201AC}.Release|x86.Build.0 = Release|Win32
	EndGlobalSection
	GlobalSection(SolutionProperties) = preSolution
		HideSolutionNode = FALSE
	EndGlobalSection
	GlobalSection(ExtensibilityGlobals) = postSolution
		SolutionGuid = {ED39A51A-AF6B-414D-AF35-858C8C2BC6A9}
	EndGlobalSection
EndGlobal
